
Microsoft Visual Studio Solution File, Format Version 12.00
# Visual Studio Version 17
VisualStudioVersion = 17.12.35707.178
MinimumVisualStudioVersion = 10.0.40219.1
Project("{FAE04EC0-301F-11D3-BF4B-00C04F79EFBC}") = "Authertication", "Authertication\Authertication.csproj", "{8BDC1499-B78C-4BBB-BA7D-46AC9A368AF6}"
EndProject
Project("{FAE04EC0-301F-11D3-BF4B-00C04F79EFBC}") = "AutherticationUI", "AutherticationUI\AutherticationUI.csproj", "{1463E717-E4E4-4130-B5C0-41E763B129D5}"
EndProject
Global
	GlobalSection(SolutionConfigurationPlatforms) = preSolution
		Debug|Any CPU = Debug|Any CPU
		Release|Any CPU = Release|Any CPU
	EndGlobalSection
	GlobalSection(ProjectConfigurationPlatforms) = postSolution
		{8BDC1499-B78C-4BBB-BA7D-46AC9A368AF6}.Debug|Any CPU.ActiveCfg = Debug|Any CPU
		{8BDC1499-B78C-4BBB-BA7D-46AC9A368AF6}.Debug|Any CPU.Build.0 = Debug|Any CPU
		{8BDC1499-B78C-4BBB-BA7D-46AC9A368AF6}.Release|Any CPU.ActiveCfg = Release|Any CPU
		{8BDC1499-B78C-4BBB-BA7D-46AC9A368AF6}.Release|Any CPU.Build.0 = Release|Any CPU
		{1463E717-E4E4-4130-B5C0-41E763B129D5}.Debug|Any CPU.ActiveCfg = Debug|Any CPU
		{1463E717-E4E4-4130-B5C0-41E763B129D5}.Debug|Any CPU.Build.0 = Debug|Any CPU
		{1463E717-E4E4-4130-B5C0-41E763B129D5}.Release|Any CPU.ActiveCfg = Release|Any CPU
		{1463E717-E4E4-4130-B5C0-41E763B129D5}.Release|Any CPU.Build.0 = Release|Any CPU
	EndGlobalSection
	GlobalSection(SolutionProperties) = preSolution
		HideSolutionNode = FALSE
	EndGlobalSection
EndGlobal
